
Microsoft Visual Studio Solution File, Format Version 12.00
Project("{FAE04EC0-301F-11D3-BF4B-00C04F79EFBC}") = "IronApp", "IronApp\IronApp.csproj", "{F237FFBF-D977-48F6-BA6B-59F3F193928F}"
EndProject
Project("{FAE04EC0-301F-11D3-BF4B-00C04F79EFBC}") = "Iron BLL", "Iron BLL\Iron BLL.csproj", "{3B1244FA-53F2-499E-8A7C-4CF35D3F3BFA}"
EndProject
Project("{FAE04EC0-301F-11D3-BF4B-00C04F79EFBC}") = "Iron DAL", "Iron DAL\Iron DAL.csproj", "{9E334D23-E305-4363-A270-437BDB01D133}"
EndProject
Project("{FAE04EC0-301F-11D3-BF4B-00C04F79EFBC}") = "Iron Interface", "Iron Interface\Iron Interface.csproj", "{C62F3D18-EA31-45BB-9EA0-379F0A945C22}"
EndProject
Project("{FAE04EC0-301F-11D3-BF4B-00C04F79EFBC}") = "TestProject", "TestProject\TestProject.csproj", "{3FC6413F-11A1-4E6C-AC39-4A4219EB7766}"
EndProject
Global
	GlobalSection(SolutionConfigurationPlatforms) = preSolution
		Debug|Any CPU = Debug|Any CPU
		Release|Any CPU = Release|Any CPU
	EndGlobalSection
	GlobalSection(ProjectConfigurationPlatforms) = postSolution
		{F237FFBF-D977-48F6-BA6B-59F3F193928F}.Debug|Any CPU.ActiveCfg = Debug|Any CPU
		{F237FFBF-D977-48F6-BA6B-59F3F193928F}.Debug|Any CPU.Build.0 = Debug|Any CPU
		{F237FFBF-D977-48F6-BA6B-59F3F193928F}.Release|Any CPU.ActiveCfg = Release|Any CPU
		{F237FFBF-D977-48F6-BA6B-59F3F193928F}.Release|Any CPU.Build.0 = Release|Any CPU
		{3B1244FA-53F2-499E-8A7C-4CF35D3F3BFA}.Debug|Any CPU.ActiveCfg = Debug|Any CPU
		{3B1244FA-53F2-499E-8A7C-4CF35D3F3BFA}.Debug|Any CPU.Build.0 = Debug|Any CPU
		{3B1244FA-53F2-499E-8A7C-4CF35D3F3BFA}.Release|Any CPU.ActiveCfg = Release|Any CPU
		{3B1244FA-53F2-499E-8A7C-4CF35D3F3BFA}.Release|Any CPU.Build.0 = Release|Any CPU
		{9E334D23-E305-4363-A270-437BDB01D133}.Debug|Any CPU.ActiveCfg = Debug|Any CPU
		{9E334D23-E305-4363-A270-437BDB01D133}.Debug|Any CPU.Build.0 = Debug|Any CPU
		{9E334D23-E305-4363-A270-437BDB01D133}.Release|Any CPU.ActiveCfg = Release|Any CPU
		{9E334D23-E305-4363-A270-437BDB01D133}.Release|Any CPU.Build.0 = Release|Any CPU
		{C62F3D18-EA31-45BB-9EA0-379F0A945C22}.Debug|Any CPU.ActiveCfg = Debug|Any CPU
		{C62F3D18-EA31-45BB-9EA0-379F0A945C22}.Debug|Any CPU.Build.0 = Debug|Any CPU
		{C62F3D18-EA31-45BB-9EA0-379F0A945C22}.Release|Any CPU.ActiveCfg = Release|Any CPU
		{C62F3D18-EA31-45BB-9EA0-379F0A945C22}.Release|Any CPU.Build.0 = Release|Any CPU
		{3FC6413F-11A1-4E6C-AC39-4A4219EB7766}.Debug|Any CPU.ActiveCfg = Debug|Any CPU
		{3FC6413F-11A1-4E6C-AC39-4A4219EB7766}.Debug|Any CPU.Build.0 = Debug|Any CPU
		{3FC6413F-11A1-4E6C-AC39-4A4219EB7766}.Release|Any CPU.ActiveCfg = Release|Any CPU
		{3FC6413F-11A1-4E6C-AC39-4A4219EB7766}.Release|Any CPU.Build.0 = Release|Any CPU
	EndGlobalSection
EndGlobal
